
Microsoft Visual Studio Solution File, Format Version 12.00
# Visual Studio Version 16
VisualStudioVersion = 16.0.29728.190
MinimumVisualStudioVersion = 10.0.40219.1
Project("{FAE04EC0-301F-11D3-BF4B-00C04F79EFBC}") = "teste WFA SQL", "teste WFA SQL\teste WFA SQL.csproj", "{A76CB75A-3F24-407C-A4C9-2F6C1E4BF574}"
EndProject
Global
	GlobalSection(SolutionConfigurationPlatforms) = preSolution
		Debug|Any CPU = Debug|Any CPU
		Release|Any CPU = Release|Any CPU
	EndGlobalSection
	GlobalSection(ProjectConfigurationPlatforms) = postSolution
		{A76CB75A-3F24-407C-A4C9-2F6C1E4BF574}.Debug|Any CPU.ActiveCfg = Debug|Any CPU
		{A76CB75A-3F24-407C-A4C9-2F6C1E4BF574}.Debug|Any CPU.Build.0 = Debug|Any CPU
		{A76CB75A-3F24-407C-A4C9-2F6C1E4BF574}.Release|Any CPU.ActiveCfg = Release|Any CPU
		{A76CB75A-3F24-407C-A4C9-2F6C1E4BF574}.Release|Any CPU.Build.0 = Release|Any CPU
	EndGlobalSection
	GlobalSection(SolutionProperties) = preSolution
		HideSolutionNode = FALSE
	EndGlobalSection
	GlobalSection(ExtensibilityGlobals) = postSolution
		SolutionGuid = {18F730DE-7205-4706-A0BB-65A5384C2B1C}
	EndGlobalSection
EndGlobal
